
Microsoft Visual Studio Solution File, Format Version 12.00
# Visual Studio 14
VisualStudioVersion = 14.0.25123.0
MinimumVisualStudioVersion = 10.0.40219.1
Project("{FAE04EC0-301F-11D3-BF4B-00C04F79EFBC}") = "AskTheCode.Vsix", "src\AskTheCode.Vsix\AskTheCode.Vsix.csproj", "{B5DC00A9-F9A3-4577-8E59-195162DA79C4}"
EndProject
Project("{FAE04EC0-301F-11D3-BF4B-00C04F79EFBC}") = "AskTheCode.Core", "src\AskTheCode.Core\AskTheCode.Core.csproj", "{9DDF533A-C7FA-454E-9EFD-39305819CE04}"
EndProject
Project("{FAE04EC0-301F-11D3-BF4B-00C04F79EFBC}") = "AskTheCode.ViewModel", "src\AskTheCode.ViewModel\AskTheCode.ViewModel.csproj", "{D3713CE8-935F-4B88-A281-EFE7AE07903B}"
EndProject
Project("{FAE04EC0-301F-11D3-BF4B-00C04F79EFBC}") = "AskTheCode.SmtLibStandard", "src\AskTheCode.SmtLibStandard\AskTheCode.SmtLibStandard.csproj", "{2A814F35-9B19-4487-9E85-C9D1A2FFC955}"
EndProject
Project("{FAE04EC0-301F-11D3-BF4B-00C04F79EFBC}") = "AskTheCode.SmtLibStandard.Tests", "test\AskTheCode.SmtLibStandard.Tests\AskTheCode.SmtLibStandard.Tests.csproj", "{6F1AC3CA-3708-41FA-BCE6-F5E328EE4D2E}"
EndProject
Project("{FAE04EC0-301F-11D3-BF4B-00C04F79EFBC}") = "AskTheCode.Common", "src\AskTheCode.Common\AskTheCode.Common.csproj", "{B2E80B5E-5D6D-4E5C-ABD7-9BC39E0C5A7E}"
EndProject
Project("{FAE04EC0-301F-11D3-BF4B-00C04F79EFBC}") = "AskTheCode.ControlFlowGraphs", "src\AskTheCode.ControlFlowGraphs\AskTheCode.ControlFlowGraphs.csproj", "{C39B0A93-11C6-4CF1-B0B8-31BD15D6A7F5}"
EndProject
Project("{2150E333-8FDC-42A3-9474-1A3956D46DE8}") = "test", "test", "{920D7616-3325-46F1-9171-0C17FEAEA66E}"
EndProject
Project("{2150E333-8FDC-42A3-9474-1A3956D46DE8}") = "src", "src", "{A3E11078-F440-4737-8FCC-A1E9247154F5}"
EndProject
Project("{2150E333-8FDC-42A3-9474-1A3956D46DE8}") = "samples", "samples", "{EAEC332F-9604-4A3E-86B1-6CFF427B7A45}"
EndProject
Project("{FAE04EC0-301F-11D3-BF4B-00C04F79EFBC}") = "AskTheCode.ControlFlowGraphs.Tests", "test\AskTheCode.ControlFlowGraphs.Tests\AskTheCode.ControlFlowGraphs.Tests.csproj", "{CB0A9CAE-BEEB-4475-8CAF-EF9314ADFC01}"
EndProject
Project("{FAE04EC0-301F-11D3-BF4B-00C04F79EFBC}") = "ControlFlowGraphViewer", "samples\ControlFlowGraphViewer\ControlFlowGraphViewer.csproj", "{555E5794-603C-4F4F-8EF0-1DE8BBE8031C}"
EndProject
Project("{FAE04EC0-301F-11D3-BF4B-00C04F79EFBC}") = "AskTheCode.ControlFlowGraphs.Cli", "src\AskTheCode.ControlFlowGraphs.Cli\AskTheCode.ControlFlowGraphs.Cli.csproj", "{A1A0861D-1D52-4F19-9782-96443D7F37F6}"
EndProject
Project("{FAE04EC0-301F-11D3-BF4B-00C04F79EFBC}") = "AskTheCode.ControlFlowGraphs.Cli.Tests", "test\AskTheCode.ControlFlowGraphs.Cli.Tests\AskTheCode.ControlFlowGraphs.Cli.Tests.csproj", "{D9A2266F-7B36-4D9E-B0A8-F5FC0ACD7433}"
EndProject
Project("{2150E333-8FDC-42A3-9474-1A3956D46DE8}") = "inputs", "inputs", "{4299E8D1-EF4E-4F20-9EC6-8285436234ED}"
EndProject
Project("{2150E333-8FDC-42A3-9474-1A3956D46DE8}") = "csharp", "csharp", "{2CB9758F-B2A5-4686-A0EB-7666E4145A7A}"
	ProjectSection(SolutionItems) = preProject
		test\inputs\csharp\MethodSampleClass.cs = test\inputs\csharp\MethodSampleClass.cs
	EndProjectSection
EndProject
Project("{FAE04EC0-301F-11D3-BF4B-00C04F79EFBC}") = "AskTheCode.PathExploration", "src\AskTheCode.PathExploration\AskTheCode.PathExploration.csproj", "{3E566315-AD9D-4794-86F1-3353792E66FF}"
EndProject
Global
	GlobalSection(SolutionConfigurationPlatforms) = preSolution
		Debug|Any CPU = Debug|Any CPU
		Release|Any CPU = Release|Any CPU
	EndGlobalSection
	GlobalSection(ProjectConfigurationPlatforms) = postSolution
		{B5DC00A9-F9A3-4577-8E59-195162DA79C4}.Debug|Any CPU.ActiveCfg = Debug|Any CPU
		{B5DC00A9-F9A3-4577-8E59-195162DA79C4}.Debug|Any CPU.Build.0 = Debug|Any CPU
		{B5DC00A9-F9A3-4577-8E59-195162DA79C4}.Release|Any CPU.ActiveCfg = Release|Any CPU
		{B5DC00A9-F9A3-4577-8E59-195162DA79C4}.Release|Any CPU.Build.0 = Release|Any CPU
		{9DDF533A-C7FA-454E-9EFD-39305819CE04}.Debug|Any CPU.ActiveCfg = Debug|Any CPU
		{9DDF533A-C7FA-454E-9EFD-39305819CE04}.Debug|Any CPU.Build.0 = Debug|Any CPU
		{9DDF533A-C7FA-454E-9EFD-39305819CE04}.Release|Any CPU.ActiveCfg = Release|Any CPU
		{9DDF533A-C7FA-454E-9EFD-39305819CE04}.Release|Any CPU.Build.0 = Release|Any CPU
		{D3713CE8-935F-4B88-A281-EFE7AE07903B}.Debug|Any CPU.ActiveCfg = Debug|Any CPU
		{D3713CE8-935F-4B88-A281-EFE7AE07903B}.Debug|Any CPU.Build.0 = Debug|Any CPU
		{D3713CE8-935F-4B88-A281-EFE7AE07903B}.Release|Any CPU.ActiveCfg = Release|Any CPU
		{D3713CE8-935F-4B88-A281-EFE7AE07903B}.Release|Any CPU.Build.0 = Release|Any CPU
		{2A814F35-9B19-4487-9E85-C9D1A2FFC955}.Debug|Any CPU.ActiveCfg = Debug|Any CPU
		{2A814F35-9B19-4487-9E85-C9D1A2FFC955}.Debug|Any CPU.Build.0 = Debug|Any CPU
		{2A814F35-9B19-4487-9E85-C9D1A2FFC955}.Release|Any CPU.ActiveCfg = Release|Any CPU
		{2A814F35-9B19-4487-9E85-C9D1A2FFC955}.Release|Any CPU.Build.0 = Release|Any CPU
		{6F1AC3CA-3708-41FA-BCE6-F5E328EE4D2E}.Debug|Any CPU.ActiveCfg = Debug|Any CPU
		{6F1AC3CA-3708-41FA-BCE6-F5E328EE4D2E}.Debug|Any CPU.Build.0 = Debug|Any CPU
		{6F1AC3CA-3708-41FA-BCE6-F5E328EE4D2E}.Release|Any CPU.ActiveCfg = Release|Any CPU
		{6F1AC3CA-3708-41FA-BCE6-F5E328EE4D2E}.Release|Any CPU.Build.0 = Release|Any CPU
		{B2E80B5E-5D6D-4E5C-ABD7-9BC39E0C5A7E}.Debug|Any CPU.ActiveCfg = Debug|Any CPU
		{B2E80B5E-5D6D-4E5C-ABD7-9BC39E0C5A7E}.Debug|Any CPU.Build.0 = Debug|Any CPU
		{B2E80B5E-5D6D-4E5C-ABD7-9BC39E0C5A7E}.Release|Any CPU.ActiveCfg = Release|Any CPU
		{B2E80B5E-5D6D-4E5C-ABD7-9BC39E0C5A7E}.Release|Any CPU.Build.0 = Release|Any CPU
		{C39B0A93-11C6-4CF1-B0B8-31BD15D6A7F5}.Debug|Any CPU.ActiveCfg = Debug|Any CPU
		{C39B0A93-11C6-4CF1-B0B8-31BD15D6A7F5}.Debug|Any CPU.Build.0 = Debug|Any CPU
		{C39B0A93-11C6-4CF1-B0B8-31BD15D6A7F5}.Release|Any CPU.ActiveCfg = Release|Any CPU
		{C39B0A93-11C6-4CF1-B0B8-31BD15D6A7F5}.Release|Any CPU.Build.0 = Release|Any CPU
		{CB0A9CAE-BEEB-4475-8CAF-EF9314ADFC01}.Debug|Any CPU.ActiveCfg = Debug|Any CPU
		{CB0A9CAE-BEEB-4475-8CAF-EF9314ADFC01}.Debug|Any CPU.Build.0 = Debug|Any CPU
		{CB0A9CAE-BEEB-4475-8CAF-EF9314ADFC01}.Release|Any CPU.ActiveCfg = Release|Any CPU
		{CB0A9CAE-BEEB-4475-8CAF-EF9314ADFC01}.Release|Any CPU.Build.0 = Release|Any CPU
		{555E5794-603C-4F4F-8EF0-1DE8BBE8031C}.Debug|Any CPU.ActiveCfg = Debug|Any CPU
		{555E5794-603C-4F4F-8EF0-1DE8BBE8031C}.Debug|Any CPU.Build.0 = Debug|Any CPU
		{555E5794-603C-4F4F-8EF0-1DE8BBE8031C}.Release|Any CPU.ActiveCfg = Release|Any CPU
		{555E5794-603C-4F4F-8EF0-1DE8BBE8031C}.Release|Any CPU.Build.0 = Release|Any CPU
		{A1A0861D-1D52-4F19-9782-96443D7F37F6}.Debug|Any CPU.ActiveCfg = Debug|Any CPU
		{A1A0861D-1D52-4F19-9782-96443D7F37F6}.Debug|Any CPU.Build.0 = Debug|Any CPU
		{A1A0861D-1D52-4F19-9782-96443D7F37F6}.Release|Any CPU.ActiveCfg = Release|Any CPU
		{A1A0861D-1D52-4F19-9782-96443D7F37F6}.Release|Any CPU.Build.0 = Release|Any CPU
		{D9A2266F-7B36-4D9E-B0A8-F5FC0ACD7433}.Debug|Any CPU.ActiveCfg = Debug|Any CPU
		{D9A2266F-7B36-4D9E-B0A8-F5FC0ACD7433}.Debug|Any CPU.Build.0 = Debug|Any CPU
		{D9A2266F-7B36-4D9E-B0A8-F5FC0ACD7433}.Release|Any CPU.ActiveCfg = Release|Any CPU
		{D9A2266F-7B36-4D9E-B0A8-F5FC0ACD7433}.Release|Any CPU.Build.0 = Release|Any CPU
		{3E566315-AD9D-4794-86F1-3353792E66FF}.Debug|Any CPU.ActiveCfg = Debug|Any CPU
		{3E566315-AD9D-4794-86F1-3353792E66FF}.Debug|Any CPU.Build.0 = Debug|Any CPU
		{3E566315-AD9D-4794-86F1-3353792E66FF}.Release|Any CPU.ActiveCfg = Release|Any CPU
		{3E566315-AD9D-4794-86F1-3353792E66FF}.Release|Any CPU.Build.0 = Release|Any CPU
	EndGlobalSection
	GlobalSection(SolutionProperties) = preSolution
		HideSolutionNode = FALSE
	EndGlobalSection
	GlobalSection(NestedProjects) = preSolution
		{B5DC00A9-F9A3-4577-8E59-195162DA79C4} = {A3E11078-F440-4737-8FCC-A1E9247154F5}
		{9DDF533A-C7FA-454E-9EFD-39305819CE04} = {A3E11078-F440-4737-8FCC-A1E9247154F5}
		{D3713CE8-935F-4B88-A281-EFE7AE07903B} = {A3E11078-F440-4737-8FCC-A1E9247154F5}
		{2A814F35-9B19-4487-9E85-C9D1A2FFC955} = {A3E11078-F440-4737-8FCC-A1E9247154F5}
		{6F1AC3CA-3708-41FA-BCE6-F5E328EE4D2E} = {920D7616-3325-46F1-9171-0C17FEAEA66E}
		{B2E80B5E-5D6D-4E5C-ABD7-9BC39E0C5A7E} = {A3E11078-F440-4737-8FCC-A1E9247154F5}
		{C39B0A93-11C6-4CF1-B0B8-31BD15D6A7F5} = {A3E11078-F440-4737-8FCC-A1E9247154F5}
		{CB0A9CAE-BEEB-4475-8CAF-EF9314ADFC01} = {920D7616-3325-46F1-9171-0C17FEAEA66E}
		{555E5794-603C-4F4F-8EF0-1DE8BBE8031C} = {EAEC332F-9604-4A3E-86B1-6CFF427B7A45}
		{A1A0861D-1D52-4F19-9782-96443D7F37F6} = {A3E11078-F440-4737-8FCC-A1E9247154F5}
		{D9A2266F-7B36-4D9E-B0A8-F5FC0ACD7433} = {920D7616-3325-46F1-9171-0C17FEAEA66E}
		{4299E8D1-EF4E-4F20-9EC6-8285436234ED} = {920D7616-3325-46F1-9171-0C17FEAEA66E}
		{2CB9758F-B2A5-4686-A0EB-7666E4145A7A} = {4299E8D1-EF4E-4F20-9EC6-8285436234ED}
		{3E566315-AD9D-4794-86F1-3353792E66FF} = {A3E11078-F440-4737-8FCC-A1E9247154F5}
	EndGlobalSection
EndGlobal
