
Microsoft Visual Studio Solution File, Format Version 12.00
# Visual Studio Version 16
VisualStudioVersion = 16.0.28803.352
MinimumVisualStudioVersion = 10.0.40219.1
Project("{6EC3EE1D-3C4E-46DD-8F32-0CC8E7565705}") = "AskTheCode.Engine", "src\AskTheCode.Engine\AskTheCode.Engine.fsproj", "{AC8DE0B5-335C-42A1-8625-0C76CF9CCC46}"
EndProject
Global
	GlobalSection(SolutionConfigurationPlatforms) = preSolution
		Debug|x64 = Debug|x64
		Release|x64 = Release|x64
	EndGlobalSection
	GlobalSection(ProjectConfigurationPlatforms) = postSolution
		{AC8DE0B5-335C-42A1-8625-0C76CF9CCC46}.Debug|x64.ActiveCfg = Debug|Any CPU
		{AC8DE0B5-335C-42A1-8625-0C76CF9CCC46}.Debug|x64.Build.0 = Debug|Any CPU
		{AC8DE0B5-335C-42A1-8625-0C76CF9CCC46}.Release|x64.ActiveCfg = Release|Any CPU
		{AC8DE0B5-335C-42A1-8625-0C76CF9CCC46}.Release|x64.Build.0 = Release|Any CPU
	EndGlobalSection
	GlobalSection(SolutionProperties) = preSolution
		HideSolutionNode = FALSE
	EndGlobalSection
	GlobalSection(ExtensibilityGlobals) = postSolution
		SolutionGuid = {CFA3BB95-3584-4046-9F6C-E731412DA1F9}
	EndGlobalSection
EndGlobal
